
Microsoft Visual Studio Solution File, Format Version 12.00
# Visual Studio 15
VisualStudioVersion = 15.0.27130.2027
MinimumVisualStudioVersion = 10.0.40219.1
Project("{9A19103F-16F7-4668-BE54-9A1E7A4F7556}") = "CoreApiTemplate.Api", "CoreApiTemplate.Api\CoreApiTemplate.Api.csproj", "{A21CB7A5-2596-4D21-839B-9CC7DC519BB0}"
EndProject
Project("{2150E333-8FDC-42A3-9474-1A3956D46DE8}") = "src", "src", "{1DFCB297-E8B7-4826-A2D5-F243D2056206}"
EndProject
Project("{2150E333-8FDC-42A3-9474-1A3956D46DE8}") = "tests", "tests", "{AB30DE9C-09B2-4024-9B05-63842FD18CA1}"
EndProject
Project("{9A19103F-16F7-4668-BE54-9A1E7A4F7556}") = "CoreApiTemplate.Tests.Unit", "CoreApiTemplate.Tests.Unit\CoreApiTemplate.Tests.Unit.csproj", "{544972FD-3C34-4D5F-8177-902D3F6D997D}"
EndProject
Project("{9A19103F-16F7-4668-BE54-9A1E7A4F7556}") = "CoreApiTemplate.Tests.Integration", "CoreApiTemplate.Tests.Integration\CoreApiTemplate.Tests.Integration.csproj", "{82CF60A6-5B9E-4A3F-A546-06D7D7F200BA}"
EndProject
Project("{9A19103F-16F7-4668-BE54-9A1E7A4F7556}") = "CoreApiTemplate.Business", "CoreApiTemplate.Business\CoreApiTemplate.Business.csproj", "{CC175B51-88FC-42B5-981B-E77E36E66E97}"
EndProject
Project("{9A19103F-16F7-4668-BE54-9A1E7A4F7556}") = "CoreApiTemplate.Core", "CoreApiTemplate.Core\CoreApiTemplate.Core.csproj", "{FA6168C7-A75B-4F4C-9073-AA2EEBA48E13}"
EndProject
Project("{9A19103F-16F7-4668-BE54-9A1E7A4F7556}") = "CoreApiTemplate.Models", "CoreApiTemplate.Models\CoreApiTemplate.Models.csproj", "{B56F2230-203C-4E8E-BFC4-F9DAC3689D2F}"
EndProject
Project("{9A19103F-16F7-4668-BE54-9A1E7A4F7556}") = "CoreApiTemplate.Data", "CoreApiTemplate.Data\CoreApiTemplate.Data.csproj", "{ADF10B26-C74C-4300-964D-B9559678B7AB}"
EndProject
Project("{E53339B2-1760-4266-BCC7-CA923CBCF16C}") = "docker-compose", "docker-compose.dcproj", "{602E957E-6B49-4799-9B96-E05E61409161}"
EndProject
Project("{2150E333-8FDC-42A3-9474-1A3956D46DE8}") = "nginx", "nginx", "{8F24781B-9343-473D-BA43-E6F2CD4786B3}"
	ProjectSection(SolutionItems) = preProject
		nginx\Dockerfile = nginx\Dockerfile
		nginx\nginx.conf = nginx\nginx.conf
	EndProjectSection
EndProject
Global
	GlobalSection(SolutionConfigurationPlatforms) = preSolution
		Debug|Any CPU = Debug|Any CPU
		Release|Any CPU = Release|Any CPU
	EndGlobalSection
	GlobalSection(ProjectConfigurationPlatforms) = postSolution
		{A21CB7A5-2596-4D21-839B-9CC7DC519BB0}.Debug|Any CPU.ActiveCfg = Debug|Any CPU
		{A21CB7A5-2596-4D21-839B-9CC7DC519BB0}.Debug|Any CPU.Build.0 = Debug|Any CPU
		{A21CB7A5-2596-4D21-839B-9CC7DC519BB0}.Release|Any CPU.ActiveCfg = Release|Any CPU
		{A21CB7A5-2596-4D21-839B-9CC7DC519BB0}.Release|Any CPU.Build.0 = Release|Any CPU
		{544972FD-3C34-4D5F-8177-902D3F6D997D}.Debug|Any CPU.ActiveCfg = Debug|Any CPU
		{544972FD-3C34-4D5F-8177-902D3F6D997D}.Debug|Any CPU.Build.0 = Debug|Any CPU
		{544972FD-3C34-4D5F-8177-902D3F6D997D}.Release|Any CPU.ActiveCfg = Release|Any CPU
		{544972FD-3C34-4D5F-8177-902D3F6D997D}.Release|Any CPU.Build.0 = Release|Any CPU
		{82CF60A6-5B9E-4A3F-A546-06D7D7F200BA}.Debug|Any CPU.ActiveCfg = Debug|Any CPU
		{82CF60A6-5B9E-4A3F-A546-06D7D7F200BA}.Debug|Any CPU.Build.0 = Debug|Any CPU
		{82CF60A6-5B9E-4A3F-A546-06D7D7F200BA}.Release|Any CPU.ActiveCfg = Release|Any CPU
		{82CF60A6-5B9E-4A3F-A546-06D7D7F200BA}.Release|Any CPU.Build.0 = Release|Any CPU
		{CC175B51-88FC-42B5-981B-E77E36E66E97}.Debug|Any CPU.ActiveCfg = Debug|Any CPU
		{CC175B51-88FC-42B5-981B-E77E36E66E97}.Debug|Any CPU.Build.0 = Debug|Any CPU
		{CC175B51-88FC-42B5-981B-E77E36E66E97}.Release|Any CPU.ActiveCfg = Release|Any CPU
		{CC175B51-88FC-42B5-981B-E77E36E66E97}.Release|Any CPU.Build.0 = Release|Any CPU
		{FA6168C7-A75B-4F4C-9073-AA2EEBA48E13}.Debug|Any CPU.ActiveCfg = Debug|Any CPU
		{FA6168C7-A75B-4F4C-9073-AA2EEBA48E13}.Debug|Any CPU.Build.0 = Debug|Any CPU
		{FA6168C7-A75B-4F4C-9073-AA2EEBA48E13}.Release|Any CPU.ActiveCfg = Release|Any CPU
		{FA6168C7-A75B-4F4C-9073-AA2EEBA48E13}.Release|Any CPU.Build.0 = Release|Any CPU
		{B56F2230-203C-4E8E-BFC4-F9DAC3689D2F}.Debug|Any CPU.ActiveCfg = Debug|Any CPU
		{B56F2230-203C-4E8E-BFC4-F9DAC3689D2F}.Debug|Any CPU.Build.0 = Debug|Any CPU
		{B56F2230-203C-4E8E-BFC4-F9DAC3689D2F}.Release|Any CPU.ActiveCfg = Release|Any CPU
		{B56F2230-203C-4E8E-BFC4-F9DAC3689D2F}.Release|Any CPU.Build.0 = Release|Any CPU
		{ADF10B26-C74C-4300-964D-B9559678B7AB}.Debug|Any CPU.ActiveCfg = Debug|Any CPU
		{ADF10B26-C74C-4300-964D-B9559678B7AB}.Debug|Any CPU.Build.0 = Debug|Any CPU
		{ADF10B26-C74C-4300-964D-B9559678B7AB}.Release|Any CPU.ActiveCfg = Release|Any CPU
		{ADF10B26-C74C-4300-964D-B9559678B7AB}.Release|Any CPU.Build.0 = Release|Any CPU
		{602E957E-6B49-4799-9B96-E05E61409161}.Debug|Any CPU.ActiveCfg = Debug|Any CPU
		{602E957E-6B49-4799-9B96-E05E61409161}.Debug|Any CPU.Build.0 = Debug|Any CPU
		{602E957E-6B49-4799-9B96-E05E61409161}.Release|Any CPU.ActiveCfg = Release|Any CPU
		{602E957E-6B49-4799-9B96-E05E61409161}.Release|Any CPU.Build.0 = Release|Any CPU
	EndGlobalSection
	GlobalSection(SolutionProperties) = preSolution
		HideSolutionNode = FALSE
	EndGlobalSection
	GlobalSection(NestedProjects) = preSolution
		{A21CB7A5-2596-4D21-839B-9CC7DC519BB0} = {1DFCB297-E8B7-4826-A2D5-F243D2056206}
		{544972FD-3C34-4D5F-8177-902D3F6D997D} = {AB30DE9C-09B2-4024-9B05-63842FD18CA1}
		{82CF60A6-5B9E-4A3F-A546-06D7D7F200BA} = {AB30DE9C-09B2-4024-9B05-63842FD18CA1}
		{CC175B51-88FC-42B5-981B-E77E36E66E97} = {1DFCB297-E8B7-4826-A2D5-F243D2056206}
		{FA6168C7-A75B-4F4C-9073-AA2EEBA48E13} = {1DFCB297-E8B7-4826-A2D5-F243D2056206}
		{B56F2230-203C-4E8E-BFC4-F9DAC3689D2F} = {1DFCB297-E8B7-4826-A2D5-F243D2056206}
		{ADF10B26-C74C-4300-964D-B9559678B7AB} = {1DFCB297-E8B7-4826-A2D5-F243D2056206}
	EndGlobalSection
	GlobalSection(ExtensibilityGlobals) = postSolution
		SolutionGuid = {9479E584-2025-4E79-9EB7-4C2B43CEC0E5}
	EndGlobalSection
EndGlobal
